
Microsoft Visual Studio Solution File, Format Version 12.00
# Visual Studio Version 16
VisualStudioVersion = 16.0.29326.143
MinimumVisualStudioVersion = 10.0.40219.1
Project("{FAE04EC0-301F-11D3-BF4B-00C04F79EFBC}") = "Tuples", "Tuples\Tuples.csproj", "{FD284738-ACE5-4EDE-81E6-565CA5180708}"
EndProject
Global
	GlobalSection(SolutionConfigurationPlatforms) = preSolution
		Debug|Any CPU = Debug|Any CPU
		Release|Any CPU = Release|Any CPU
	EndGlobalSection
	GlobalSection(ProjectConfigurationPlatforms) = postSolution
		{FD284738-ACE5-4EDE-81E6-565CA5180708}.Debug|Any CPU.ActiveCfg = Debug|Any CPU
		{FD284738-ACE5-4EDE-81E6-565CA5180708}.Debug|Any CPU.Build.0 = Debug|Any CPU
		{FD284738-ACE5-4EDE-81E6-565CA5180708}.Release|Any CPU.ActiveCfg = Release|Any CPU
		{FD284738-ACE5-4EDE-81E6-565CA5180708}.Release|Any CPU.Build.0 = Release|Any CPU
	EndGlobalSection
	GlobalSection(SolutionProperties) = preSolution
		HideSolutionNode = FALSE
	EndGlobalSection
	GlobalSection(ExtensibilityGlobals) = postSolution
		SolutionGuid = {903891FF-CFF4-4CC3-AF07-61F3B79EDFEF}
	EndGlobalSection
EndGlobal
